// !$*UTF8*$!
{
	archiveVersion = 1;
	classes = {
	};
	objectVersion = 56;
	objects = {

/* Begin PBXBuildFile section */
		9F33CA8A2C87C98A00F3523E /* AppDelegate.swift in Sources */ = {isa = PBXBuildFile; fileRef = 9F33CA892C87C98A00F3523E /* AppDelegate.swift */; };
		9F33CA8C2C87C98A00F3523E /* GameViewController.swift in Sources */ = {isa = PBXBuildFile; fileRef = 9F33CA8B2C87C98A00F3523E /* GameViewController.swift */; };
		9F33CA8E2C87C98A00F3523E /* Renderer.swift in Sources */ = {isa = PBXBuildFile; fileRef = 9F33CA8D2C87C98A00F3523E /* Renderer.swift */; };
		9F33CA902C87C98A00F3523E /* Shaders.metal in Sources */ = {isa = PBXBuildFile; fileRef = 9F33CA8F2C87C98A00F3523E /* Shaders.metal */; };
		9F33CA932C87C98D00F3523E /* Assets.xcassets in Resources */ = {isa = PBXBuildFile; fileRef = 9F33CA922C87C98D00F3523E /* Assets.xcassets */; };
		9F33CA962C87C98D00F3523E /* Base in Resources */ = {isa = PBXBuildFile; fileRef = 9F33CA952C87C98D00F3523E /* Base */; };
		9F33CAA12C87C98E00F3523E /* hello_triangleTests.swift in Sources */ = {isa = PBXBuildFile; fileRef = 9F33CAA02C87C98E00F3523E /* hello_triangleTests.swift */; };
		9F33CAAB2C87C98E00F3523E /* hello_triangleUITests.swift in Sources */ = {isa = PBXBuildFile; fileRef = 9F33CAAA2C87C98E00F3523E /* hello_triangleUITests.swift */; };
		9F33CAAD2C87C98E00F3523E /* hello_triangleUITestsLaunchTests.swift in Sources */ = {isa = PBXBuildFile; fileRef = 9F33CAAC2C87C98E00F3523E /* hello_triangleUITestsLaunchTests.swift */; };
/* End PBXBuildFile section */

/* Begin PBXContainerItemProxy section */
		9F33CA9D2C87C98E00F3523E /* PBXContainerItemProxy */ = {
			isa = PBXContainerItemProxy;
			containerPortal = 9F33CA7E2C87C98900F3523E /* Project object */;
			proxyType = 1;
			remoteGlobalIDString = 9F33CA852C87C98900F3523E;
			remoteInfo = hello_triangle;
		};
		9F33CAA72C87C98E00F3523E /* PBXContainerItemProxy */ = {
			isa = PBXContainerItemProxy;
			containerPortal = 9F33CA7E2C87C98900F3523E /* Project object */;
			proxyType = 1;
			remoteGlobalIDString = 9F33CA852C87C98900F3523E;
			remoteInfo = hello_triangle;
		};
/* End PBXContainerItemProxy section */

/* Begin PBXFileReference section */
		9F33CA862C87C98900F3523E /* hello_triangle.app */ = {isa = PBXFileReference; explicitFileType = wrapper.application; includeInIndex = 0; path = hello_triangle.app; sourceTree = BUILT_PRODUCTS_DIR; };
		9F33CA892C87C98A00F3523E /* AppDelegate.swift */ = {isa = PBXFileReference; lastKnownFileType = sourcecode.swift; path = AppDelegate.swift; sourceTree = "<group>"; };
		9F33CA8B2C87C98A00F3523E /* GameViewController.swift */ = {isa = PBXFileReference; lastKnownFileType = sourcecode.swift; path = GameViewController.swift; sourceTree = "<group>"; };
		9F33CA8D2C87C98A00F3523E /* Renderer.swift */ = {isa = PBXFileReference; lastKnownFileType = sourcecode.swift; path = Renderer.swift; sourceTree = "<group>"; };
		9F33CA8F2C87C98A00F3523E /* Shaders.metal */ = {isa = PBXFileReference; lastKnownFileType = sourcecode.metal; path = Shaders.metal; sourceTree = "<group>"; };
		9F33CA912C87C98A00F3523E /* ShaderTypes.h */ = {isa = PBXFileReference; lastKnownFileType = sourcecode.c.h; path = ShaderTypes.h; sourceTree = "<group>"; };
		9F33CA922C87C98D00F3523E /* Assets.xcassets */ = {isa = PBXFileReference; lastKnownFileType = folder.assetcatalog; path = Assets.xcassets; sourceTree = "<group>"; };
		9F33CA952C87C98D00F3523E /* Base */ = {isa = PBXFileReference; lastKnownFileType = file.storyboard; name = Base; path = Base.lproj/Main.storyboard; sourceTree = "<group>"; };
		9F33CA972C87C98D00F3523E /* hello_triangle.entitlements */ = {isa = PBXFileReference; lastKnownFileType = text.plist.entitlements; path = hello_triangle.entitlements; sourceTree = "<group>"; };
		9F33CA9C2C87C98E00F3523E /* hello_triangleTests.xctest */ = {isa = PBXFileReference; explicitFileType = wrapper.cfbundle; includeInIndex = 0; path = hello_triangleTests.xctest; sourceTree = BUILT_PRODUCTS_DIR; };
		9F33CAA02C87C98E00F3523E /* hello_triangleTests.swift */ = {isa = PBXFileReference; lastKnownFileType = sourcecode.swift; path = hello_triangleTests.swift; sourceTree = "<group>"; };
		9F33CAA62C87C98E00F3523E /* hello_triangleUITests.xctest */ = {isa = PBXFileReference; explicitFileType = wrapper.cfbundle; includeInIndex = 0; path = hello_triangleUITests.xctest; sourceTree = BUILT_PRODUCTS_DIR; };
		9F33CAAA2C87C98E00F3523E /* hello_triangleUITests.swift */ = {isa = PBXFileReference; lastKnownFileType = sourcecode.swift; path = hello_triangleUITests.swift; sourceTree = "<group>"; };
		9F33CAAC2C87C98E00F3523E /* hello_triangleUITestsLaunchTests.swift */ = {isa = PBXFileReference; lastKnownFileType = sourcecode.swift; path = hello_triangleUITestsLaunchTests.swift; sourceTree = "<group>"; };
/* End PBXFileReference section */

/* Begin PBXFrameworksBuildPhase section */
		9F33CA832C87C98900F3523E /* Frameworks */ = {
			isa = PBXFrameworksBuildPhase;
			buildActionMask = 2147483647;
			files = (
			);
			runOnlyForDeploymentPostprocessing = 0;
		};
		9F33CA992C87C98E00F3523E /* Frameworks */ = {
			isa = PBXFrameworksBuildPhase;
			buildActionMask = 2147483647;
			files = (
			);
			runOnlyForDeploymentPostprocessing = 0;
		};
		9F33CAA32C87C98E00F3523E /* Frameworks */ = {
			isa = PBXFrameworksBuildPhase;
			buildActionMask = 2147483647;
			files = (
			);
			runOnlyForDeploymentPostprocessing = 0;
		};
/* End PBXFrameworksBuildPhase section */

/* Begin PBXGroup section */
		9F33CA7D2C87C98900F3523E = {
			isa = PBXGroup;
			children = (
				9F33CA882C87C98A00F3523E /* hello_triangle */,
				9F33CA9F2C87C98E00F3523E /* hello_triangleTests */,
				9F33CAA92C87C98E00F3523E /* hello_triangleUITests */,
				9F33CA872C87C98900F3523E /* Products */,
			);
			sourceTree = "<group>";
		};
		9F33CA872C87C98900F3523E /* Products */ = {
			isa = PBXGroup;
			children = (
				9F33CA862C87C98900F3523E /* hello_triangle.app */,
				9F33CA9C2C87C98E00F3523E /* hello_triangleTests.xctest */,
				9F33CAA62C87C98E00F3523E /* hello_triangleUITests.xctest */,
			);
			name = Products;
			sourceTree = "<group>";
		};
		9F33CA882C87C98A00F3523E /* hello_triangle */ = {
			isa = PBXGroup;
			children = (
				9F33CA892C87C98A00F3523E /* AppDelegate.swift */,
				9F33CA8B2C87C98A00F3523E /* GameViewController.swift */,
				9F33CA8D2C87C98A00F3523E /* Renderer.swift */,
				9F33CA8F2C87C98A00F3523E /* Shaders.metal */,
				9F33CA912C87C98A00F3523E /* ShaderTypes.h */,
				9F33CA922C87C98D00F3523E /* Assets.xcassets */,
				9F33CA942C87C98D00F3523E /* Main.storyboard */,
				9F33CA972C87C98D00F3523E /* hello_triangle.entitlements */,
			);
			path = hello_triangle;
			sourceTree = "<group>";
		};
		9F33CA9F2C87C98E00F3523E /* hello_triangleTests */ = {
			isa = PBXGroup;
			children = (
				9F33CAA02C87C98E00F3523E /* hello_triangleTests.swift */,
			);
			path = hello_triangleTests;
			sourceTree = "<group>";
		};
		9F33CAA92C87C98E00F3523E /* hello_triangleUITests */ = {
			isa = PBXGroup;
			children = (
				9F33CAAA2C87C98E00F3523E /* hello_triangleUITests.swift */,
				9F33CAAC2C87C98E00F3523E /* hello_triangleUITestsLaunchTests.swift */,
			);
			path = hello_triangleUITests;
			sourceTree = "<group>";
		};
/* End PBXGroup section */

/* Begin PBXNativeTarget section */
		9F33CA852C87C98900F3523E /* hello_triangle */ = {
			isa = PBXNativeTarget;
			buildConfigurationList = 9F33CAB02C87C98E00F3523E /* Build configuration list for PBXNativeTarget "hello_triangle" */;
			buildPhases = (
				9F33CA822C87C98900F3523E /* Sources */,
				9F33CA832C87C98900F3523E /* Frameworks */,
				9F33CA842C87C98900F3523E /* Resources */,
			);
			buildRules = (
			);
			dependencies = (
			);
			name = hello_triangle;
			productName = hello_triangle;
			productReference = 9F33CA862C87C98900F3523E /* hello_triangle.app */;
			productType = "com.apple.product-type.application";
		};
		9F33CA9B2C87C98E00F3523E /* hello_triangleTests */ = {
			isa = PBXNativeTarget;
			buildConfigurationList = 9F33CAB32C87C98E00F3523E /* Build configuration list for PBXNativeTarget "hello_triangleTests" */;
			buildPhases = (
				9F33CA982C87C98E00F3523E /* Sources */,
				9F33CA992C87C98E00F3523E /* Frameworks */,
				9F33CA9A2C87C98E00F3523E /* Resources */,
			);
			buildRules = (
			);
			dependencies = (
				9F33CA9E2C87C98E00F3523E /* PBXTargetDependency */,
			);
			name = hello_triangleTests;
			productName = hello_triangleTests;
			productReference = 9F33CA9C2C87C98E00F3523E /* hello_triangleTests.xctest */;
			productType = "com.apple.product-type.bundle.unit-test";
		};
		9F33CAA52C87C98E00F3523E /* hello_triangleUITests */ = {
			isa = PBXNativeTarget;
			buildConfigurationList = 9F33CAB62C87C98E00F3523E /* Build configuration list for PBXNativeTarget "hello_triangleUITests" */;
			buildPhases = (
				9F33CAA22C87C98E00F3523E /* Sources */,
				9F33CAA32C87C98E00F3523E /* Frameworks */,
				9F33CAA42C87C98E00F3523E /* Resources */,
			);
			buildRules = (
			);
			dependencies = (
				9F33CAA82C87C98E00F3523E /* PBXTargetDependency */,
			);
			name = hello_triangleUITests;
			productName = hello_triangleUITests;
			productReference = 9F33CAA62C87C98E00F3523E /* hello_triangleUITests.xctest */;
			productType = "com.apple.product-type.bundle.ui-testing";
		};
/* End PBXNativeTarget section */

/* Begin PBXProject section */
		9F33CA7E2C87C98900F3523E /* Project object */ = {
			isa = PBXProject;
			attributes = {
				BuildIndependentTargetsInParallel = 1;
				LastSwiftUpdateCheck = 1540;
				LastUpgradeCheck = 1540;
				TargetAttributes = {
					9F33CA852C87C98900F3523E = {
						CreatedOnToolsVersion = 15.4;
					};
					9F33CA9B2C87C98E00F3523E = {
						CreatedOnToolsVersion = 15.4;
						TestTargetID = 9F33CA852C87C98900F3523E;
					};
					9F33CAA52C87C98E00F3523E = {
						CreatedOnToolsVersion = 15.4;
						TestTargetID = 9F33CA852C87C98900F3523E;
					};
				};
			};
			buildConfigurationList = 9F33CA812C87C98900F3523E /* Build configuration list for PBXProject "hello_triangle" */;
			compatibilityVersion = "Xcode 14.0";
			developmentRegion = en;
			hasScannedForEncodings = 0;
			knownRegions = (
				en,
				Base,
			);
			mainGroup = 9F33CA7D2C87C98900F3523E;
			productRefGroup = 9F33CA872C87C98900F3523E /* Products */;
			projectDirPath = "";
			projectRoot = "";
			targets = (
				9F33CA852C87C98900F3523E /* hello_triangle */,
				9F33CA9B2C87C98E00F3523E /* hello_triangleTests */,
				9F33CAA52C87C98E00F3523E /* hello_triangleUITests */,
			);
		};
/* End PBXProject section */

/* Begin PBXResourcesBuildPhase section */
		9F33CA842C87C98900F3523E /* Resources */ = {
			isa = PBXResourcesBuildPhase;
			buildActionMask = 2147483647;
			files = (
				9F33CA932C87C98D00F3523E /* Assets.xcassets in Resources */,
				9F33CA962C87C98D00F3523E /* Base in Resources */,
			);
			runOnlyForDeploymentPostprocessing = 0;
		};
		9F33CA9A2C87C98E00F3523E /* Resources */ = {
			isa = PBXResourcesBuildPhase;
			buildActionMask = 2147483647;
			files = (
			);
			runOnlyForDeploymentPostprocessing = 0;
		};
		9F33CAA42C87C98E00F3523E /* Resources */ = {
			isa = PBXResourcesBuildPhase;
			buildActionMask = 2147483647;
			files = (
			);
			runOnlyForDeploymentPostprocessing = 0;
		};
/* End PBXResourcesBuildPhase section */

/* Begin PBXSourcesBuildPhase section */
		9F33CA822C87C98900F3523E /* Sources */ = {
			isa = PBXSourcesBuildPhase;
			buildActionMask = 2147483647;
			files = (
				9F33CA902C87C98A00F3523E /* Shaders.metal in Sources */,
				9F33CA8C2C87C98A00F3523E /* GameViewController.swift in Sources */,
				9F33CA8E2C87C98A00F3523E /* Renderer.swift in Sources */,
				9F33CA8A2C87C98A00F3523E /* AppDelegate.swift in Sources */,
			);
			runOnlyForDeploymentPostprocessing = 0;
		};
		9F33CA982C87C98E00F3523E /* Sources */ = {
			isa = PBXSourcesBuildPhase;
			buildActionMask = 2147483647;
			files = (
				9F33CAA12C87C98E00F3523E /* hello_triangleTests.swift in Sources */,
			);
			runOnlyForDeploymentPostprocessing = 0;
		};
		9F33CAA22C87C98E00F3523E /* Sources */ = {
			isa = PBXSourcesBuildPhase;
			buildActionMask = 2147483647;
			files = (
				9F33CAAB2C87C98E00F3523E /* hello_triangleUITests.swift in Sources */,
				9F33CAAD2C87C98E00F3523E /* hello_triangleUITestsLaunchTests.swift in Sources */,
			);
			runOnlyForDeploymentPostprocessing = 0;
		};
/* End PBXSourcesBuildPhase section */

/* Begin PBXTargetDependency section */
		9F33CA9E2C87C98E00F3523E /* PBXTargetDependency */ = {
			isa = PBXTargetDependency;
			target = 9F33CA852C87C98900F3523E /* hello_triangle */;
			targetProxy = 9F33CA9D2C87C98E00F3523E /* PBXContainerItemProxy */;
		};
		9F33CAA82C87C98E00F3523E /* PBXTargetDependency */ = {
			isa = PBXTargetDependency;
			target = 9F33CA852C87C98900F3523E /* hello_triangle */;
			targetProxy = 9F33CAA72C87C98E00F3523E /* PBXContainerItemProxy */;
		};
/* End PBXTargetDependency section */

/* Begin PBXVariantGroup section */
		9F33CA942C87C98D00F3523E /* Main.storyboard */ = {
			isa = PBXVariantGroup;
			children = (
				9F33CA952C87C98D00F3523E /* Base */,
			);
			name = Main.storyboard;
			sourceTree = "<group>";
		};
/* End PBXVariantGroup section */

/* Begin XCBuildConfiguration section */
		9F33CAAE2C87C98E00F3523E /* Debug */ = {
			isa = XCBuildConfiguration;
			buildSettings = {
				ALWAYS_SEARCH_USER_PATHS = NO;
				ASSETCATALOG_COMPILER_GENERATE_SWIFT_ASSET_SYMBOL_EXTENSIONS = YES;
				CLANG_ANALYZER_NONNULL = YES;
				CLANG_ANALYZER_NUMBER_OBJECT_CONVERSION = YES_AGGRESSIVE;
				CLANG_CXX_LANGUAGE_STANDARD = "gnu++20";
				CLANG_ENABLE_MODULES = YES;
				CLANG_ENABLE_OBJC_ARC = YES;
				CLANG_ENABLE_OBJC_WEAK = YES;
				CLANG_WARN_BLOCK_CAPTURE_AUTORELEASING = YES;
				CLANG_WARN_BOOL_CONVERSION = YES;
				CLANG_WARN_COMMA = YES;
				CLANG_WARN_CONSTANT_CONVERSION = YES;
				CLANG_WARN_DEPRECATED_OBJC_IMPLEMENTATIONS = YES;
				CLANG_WARN_DIRECT_OBJC_ISA_USAGE = YES_ERROR;
				CLANG_WARN_DOCUMENTATION_COMMENTS = YES;
				CLANG_WARN_EMPTY_BODY = YES;
				CLANG_WARN_ENUM_CONVERSION = YES;
				CLANG_WARN_INFINITE_RECURSION = YES;
				CLANG_WARN_INT_CONVERSION = YES;
				CLANG_WARN_NON_LITERAL_NULL_CONVERSION = YES;
				CLANG_WARN_OBJC_IMPLICIT_RETAIN_SELF = YES;
				CLANG_WARN_OBJC_LITERAL_CONVERSION = YES;
				CLANG_WARN_OBJC_ROOT_CLASS = YES_ERROR;
				CLANG_WARN_QUOTED_INCLUDE_IN_FRAMEWORK_HEADER = YES;
				CLANG_WARN_RANGE_LOOP_ANALYSIS = YES;
				CLANG_WARN_STRICT_PROTOTYPES = YES;
				CLANG_WARN_SUSPICIOUS_MOVE = YES;
				CLANG_WARN_UNGUARDED_AVAILABILITY = YES_AGGRESSIVE;
				CLANG_WARN_UNREACHABLE_CODE = YES;
				CLANG_WARN__DUPLICATE_METHOD_MATCH = YES;
				COPY_PHASE_STRIP = NO;
				DEBUG_INFORMATION_FORMAT = dwarf;
				ENABLE_STRICT_OBJC_MSGSEND = YES;
				ENABLE_TESTABILITY = YES;
				ENABLE_USER_SCRIPT_SANDBOXING = YES;
				GCC_C_LANGUAGE_STANDARD = gnu17;
				GCC_DYNAMIC_NO_PIC = NO;
				GCC_NO_COMMON_BLOCKS = YES;
				GCC_OPTIMIZATION_LEVEL = 0;
				GCC_PREPROCESSOR_DEFINITIONS = (
					"DEBUG=1",
					"$(inherited)",
				);
				GCC_WARN_64_TO_32_BIT_CONVERSION = YES;
				GCC_WARN_ABOUT_RETURN_TYPE = YES_ERROR;
				GCC_WARN_UNDECLARED_SELECTOR = YES;
				GCC_WARN_UNINITIALIZED_AUTOS = YES_AGGRESSIVE;
				GCC_WARN_UNUSED_FUNCTION = YES;
				GCC_WARN_UNUSED_VARIABLE = YES;
				LOCALIZATION_PREFERS_STRING_CATALOGS = YES;
				MACOSX_DEPLOYMENT_TARGET = 14.5;
				MTL_ENABLE_DEBUG_INFO = INCLUDE_SOURCE;
				MTL_FAST_MATH = YES;
				ONLY_ACTIVE_ARCH = YES;
				SDKROOT = macosx;
				SWIFT_ACTIVE_COMPILATION_CONDITIONS = "DEBUG $(inherited)";
				SWIFT_OPTIMIZATION_LEVEL = "-Onone";
			};
			name = Debug;
		};
		9F33CAAF2C87C98E00F3523E /* Release */ = {
			isa = XCBuildConfiguration;
			buildSettings = {
				ALWAYS_SEARCH_USER_PATHS = NO;
				ASSETCATALOG_COMPILER_GENERATE_SWIFT_ASSET_SYMBOL_EXTENSIONS = YES;
				CLANG_ANALYZER_NONNULL = YES;
				CLANG_ANALYZER_NUMBER_OBJECT_CONVERSION = YES_AGGRESSIVE;
				CLANG_CXX_LANGUAGE_STANDARD = "gnu++20";
				CLANG_ENABLE_MODULES = YES;
				CLANG_ENABLE_OBJC_ARC = YES;
				CLANG_ENABLE_OBJC_WEAK = YES;
				CLANG_WARN_BLOCK_CAPTURE_AUTORELEASING = YES;
				CLANG_WARN_BOOL_CONVERSION = YES;
				CLANG_WARN_COMMA = YES;
				CLANG_WARN_CONSTANT_CONVERSION = YES;
				CLANG_WARN_DEPRECATED_OBJC_IMPLEMENTATIONS = YES;
				CLANG_WARN_DIRECT_OBJC_ISA_USAGE = YES_ERROR;
				CLANG_WARN_DOCUMENTATION_COMMENTS = YES;
				CLANG_WARN_EMPTY_BODY = YES;
				CLANG_WARN_ENUM_CONVERSION = YES;
				CLANG_WARN_INFINITE_RECURSION = YES;
				CLANG_WARN_INT_CONVERSION = YES;
				CLANG_WARN_NON_LITERAL_NULL_CONVERSION = YES;
				CLANG_WARN_OBJC_IMPLICIT_RETAIN_SELF = YES;
				CLANG_WARN_OBJC_LITERAL_CONVERSION = YES;
				CLANG_WARN_OBJC_ROOT_CLASS = YES_ERROR;
				CLANG_WARN_QUOTED_INCLUDE_IN_FRAMEWORK_HEADER = YES;
				CLANG_WARN_RANGE_LOOP_ANALYSIS = YES;
				CLANG_WARN_STRICT_PROTOTYPES = YES;
				CLANG_WARN_SUSPICIOUS_MOVE = YES;
				CLANG_WARN_UNGUARDED_AVAILABILITY = YES_AGGRESSIVE;
				CLANG_WARN_UNREACHABLE_CODE = YES;
				CLANG_WARN__DUPLICATE_METHOD_MATCH = YES;
				COPY_PHASE_STRIP = NO;
				DEBUG_INFORMATION_FORMAT = "dwarf-with-dsym";
				ENABLE_NS_ASSERTIONS = NO;
				ENABLE_STRICT_OBJC_MSGSEND = YES;
				ENABLE_USER_SCRIPT_SANDBOXING = YES;
				GCC_C_LANGUAGE_STANDARD = gnu17;
				GCC_NO_COMMON_BLOCKS = YES;
				GCC_WARN_64_TO_32_BIT_CONVERSION = YES;
				GCC_WARN_ABOUT_RETURN_TYPE = YES_ERROR;
				GCC_WARN_UNDECLARED_SELECTOR = YES;
				GCC_WARN_UNINITIALIZED_AUTOS = YES_AGGRESSIVE;
				GCC_WARN_UNUSED_FUNCTION = YES;
				GCC_WARN_UNUSED_VARIABLE = YES;
				LOCALIZATION_PREFERS_STRING_CATALOGS = YES;
				MACOSX_DEPLOYMENT_TARGET = 14.5;
				MTL_ENABLE_DEBUG_INFO = NO;
				MTL_FAST_MATH = YES;
				SDKROOT = macosx;
				SWIFT_COMPILATION_MODE = wholemodule;
			};
			name = Release;
		};
		9F33CAB12C87C98E00F3523E /* Debug */ = {
			isa = XCBuildConfiguration;
			buildSettings = {
				ASSETCATALOG_COMPILER_APPICON_NAME = AppIcon;
				ASSETCATALOG_COMPILER_GLOBAL_ACCENT_COLOR_NAME = AccentColor;
				CODE_SIGN_ENTITLEMENTS = hello_triangle/hello_triangle.entitlements;
				CODE_SIGN_STYLE = Automatic;
				COMBINE_HIDPI_IMAGES = YES;
				CURRENT_PROJECT_VERSION = 1;
				DEVELOPMENT_TEAM = PBCW2VCF56;
				ENABLE_HARDENED_RUNTIME = YES;
				GENERATE_INFOPLIST_FILE = YES;
				INFOPLIST_KEY_NSHumanReadableCopyright = "";
				INFOPLIST_KEY_NSMainStoryboardFile = Main;
				INFOPLIST_KEY_NSPrincipalClass = NSApplication;
				LD_RUNPATH_SEARCH_PATHS = (
					"$(inherited)",
					"@executable_path/../Frameworks",
				);
				MARKETING_VERSION = 1.0;
				PRODUCT_BUNDLE_IDENTIFIER = "debug.hello-triangle";
				PRODUCT_NAME = "$(TARGET_NAME)";
				SWIFT_EMIT_LOC_STRINGS = YES;
				SWIFT_OBJC_BRIDGING_HEADER = "$(TARGET_NAME)/ShaderTypes.h";
				SWIFT_VERSION = 5.0;
			};
			name = Debug;
		};
		9F33CAB22C87C98E00F3523E /* Release */ = {
			isa = XCBuildConfiguration;
			buildSettings = {
				ASSETCATALOG_COMPILER_APPICON_NAME = AppIcon;
				ASSETCATALOG_COMPILER_GLOBAL_ACCENT_COLOR_NAME = AccentColor;
				CODE_SIGN_ENTITLEMENTS = hello_triangle/hello_triangle.entitlements;
				CODE_SIGN_STYLE = Automatic;
				COMBINE_HIDPI_IMAGES = YES;
				CURRENT_PROJECT_VERSION = 1;
				DEVELOPMENT_TEAM = PBCW2VCF56;
				ENABLE_HARDENED_RUNTIME = YES;
				GENERATE_INFOPLIST_FILE = YES;
				INFOPLIST_KEY_NSHumanReadableCopyright = "";
				INFOPLIST_KEY_NSMainStoryboardFile = Main;
				INFOPLIST_KEY_NSPrincipalClass = NSApplication;
				LD_RUNPATH_SEARCH_PATHS = (
					"$(inherited)",
					"@executable_path/../Frameworks",
				);
				MARKETING_VERSION = 1.0;
				PRODUCT_BUNDLE_IDENTIFIER = "debug.hello-triangle";
				PRODUCT_NAME = "$(TARGET_NAME)";
				SWIFT_EMIT_LOC_STRINGS = YES;
				SWIFT_OBJC_BRIDGING_HEADER = "$(TARGET_NAME)/ShaderTypes.h";
				SWIFT_VERSION = 5.0;
			};
			name = Release;
		};
		9F33CAB42C87C98E00F3523E /* Debug */ = {
			isa = XCBuildConfiguration;
			buildSettings = {
				ALWAYS_EMBED_SWIFT_STANDARD_LIBRARIES = YES;
				BUNDLE_LOADER = "$(TEST_HOST)";
				CODE_SIGN_STYLE = Automatic;
				CURRENT_PROJECT_VERSION = 1;
				DEVELOPMENT_TEAM = PBCW2VCF56;
				GENERATE_INFOPLIST_FILE = YES;
				MACOSX_DEPLOYMENT_TARGET = 14.5;
				MARKETING_VERSION = 1.0;
				PRODUCT_BUNDLE_IDENTIFIER = "debug.hello-triangleTests";
				PRODUCT_NAME = "$(TARGET_NAME)";
				SWIFT_EMIT_LOC_STRINGS = NO;
				SWIFT_VERSION = 5.0;
				TEST_HOST = "$(BUILT_PRODUCTS_DIR)/hello_triangle.app/$(BUNDLE_EXECUTABLE_FOLDER_PATH)/hello_triangle";
			};
			name = Debug;
		};
		9F33CAB52C87C98E00F3523E /* Release */ = {
			isa = XCBuildConfiguration;
			buildSettings = {
				ALWAYS_EMBED_SWIFT_STANDARD_LIBRARIES = YES;
				BUNDLE_LOADER = "$(TEST_HOST)";
				CODE_SIGN_STYLE = Automatic;
				CURRENT_PROJECT_VERSION = 1;
				DEVELOPMENT_TEAM = PBCW2VCF56;
				GENERATE_INFOPLIST_FILE = YES;
				MACOSX_DEPLOYMENT_TARGET = 14.5;
				MARKETING_VERSION = 1.0;
				PRODUCT_BUNDLE_IDENTIFIER = "debug.hello-triangleTests";
				PRODUCT_NAME = "$(TARGET_NAME)";
				SWIFT_EMIT_LOC_STRINGS = NO;
				SWIFT_VERSION = 5.0;
				TEST_HOST = "$(BUILT_PRODUCTS_DIR)/hello_triangle.app/$(BUNDLE_EXECUTABLE_FOLDER_PATH)/hello_triangle";
			};
			name = Release;
		};
		9F33CAB72C87C98E00F3523E /* Debug */ = {
			isa = XCBuildConfiguration;
			buildSettings = {
				ALWAYS_EMBED_SWIFT_STANDARD_LIBRARIES = YES;
				CODE_SIGN_STYLE = Automatic;
				CURRENT_PROJECT_VERSION = 1;
				DEVELOPMENT_TEAM = PBCW2VCF56;
				GENERATE_INFOPLIST_FILE = YES;
				MARKETING_VERSION = 1.0;
				PRODUCT_BUNDLE_IDENTIFIER = "debug.hello-triangleUITests";
				PRODUCT_NAME = "$(TARGET_NAME)";
				SWIFT_EMIT_LOC_STRINGS = NO;
				SWIFT_VERSION = 5.0;
				TEST_TARGET_NAME = hello_triangle;
			};
			name = Debug;
		};
		9F33CAB82C87C98E00F3523E /* Release */ = {
			isa = XCBuildConfiguration;
			buildSettings = {
				ALWAYS_EMBED_SWIFT_STANDARD_LIBRARIES = YES;
				CODE_SIGN_STYLE = Automatic;
				CURRENT_PROJECT_VERSION = 1;
				DEVELOPMENT_TEAM = PBCW2VCF56;
				GENERATE_INFOPLIST_FILE = YES;
				MARKETING_VERSION = 1.0;
				PRODUCT_BUNDLE_IDENTIFIER = "debug.hello-triangleUITests";
				PRODUCT_NAME = "$(TARGET_NAME)";
				SWIFT_EMIT_LOC_STRINGS = NO;
				SWIFT_VERSION = 5.0;
				TEST_TARGET_NAME = hello_triangle;
			};
			name = Release;
		};
/* End XCBuildConfiguration section */

/* Begin XCConfigurationList section */
		9F33CA812C87C98900F3523E /* Build configuration list for PBXProject "hello_triangle" */ = {
			isa = XCConfigurationList;
			buildConfigurations = (
				9F33CAAE2C87C98E00F3523E /* Debug */,
				9F33CAAF2C87C98E00F3523E /* Release */,
			);
			defaultConfigurationIsVisible = 0;
			defaultConfigurationName = Release;
		};
		9F33CAB02C87C98E00F3523E /* Build configuration list for PBXNativeTarget "hello_triangle" */ = {
			isa = XCConfigurationList;
			buildConfigurations = (
				9F33CAB12C87C98E00F3523E /* Debug */,
				9F33CAB22C87C98E00F3523E /* Release */,
			);
			defaultConfigurationIsVisible = 0;
			defaultConfigurationName = Release;
		};
		9F33CAB32C87C98E00F3523E /* Build configuration list for PBXNativeTarget "hello_triangleTests" */ = {
			isa = XCConfigurationList;
			buildConfigurations = (
				9F33CAB42C87C98E00F3523E /* Debug */,
				9F33CAB52C87C98E00F3523E /* Release */,
			);
			defaultConfigurationIsVisible = 0;
			defaultConfigurationName = Release;
		};
		9F33CAB62C87C98E00F3523E /* Build configuration list for PBXNativeTarget "hello_triangleUITests" */ = {
			isa = XCConfigurationList;
			buildConfigurations = (
				9F33CAB72C87C98E00F3523E /* Debug */,
				9F33CAB82C87C98E00F3523E /* Release */,
			);
			defaultConfigurationIsVisible = 0;
			defaultConfigurationName = Release;
		};
/* End XCConfigurationList section */
	};
	rootObject = 9F33CA7E2C87C98900F3523E /* Project object */;
}
